golang.org/x/image v0.16.0 h1:9kloLAKhUufZhA12l5fwnx2NZW39/we1UhBesW433jw=
golang.org/x/image v0.16.0/go.mod h1:ugSZItdV4nOxyqp56HmXwH0Ry0nBCpjnZdpDaIHdoPs=
zappem.net/pub/graphics/raster v0.5.0 h1:CjH6iBzRUrk2VzkeaFkVo6AkXolP2DrOJlqPJ+g0iMo=
zappem.net/pub/graphics/raster v0.5.0/go.mod h1:+eAoayMhDVm6QyRu24pJXDOwSjxQn0iVSTVFta9ecxw=
zappem.net/pub/math/polygon v0.7.11 h1:HLehslFDse5m5SrSRQ9X5+BMD5Sk2iJz7B3rWkXa+fY=
zappem.net/pub/math/polygon v0.7.11/go.mod h1:u6/3+TRLWGqqVIgArTaWPpZQDgg4O6YP51AUjjMYUG8=
